// !$*UTF8*$!
{
	archiveVersion = 1;
	classes = {
	};
	objectVersion = 55;
	objects = {

/* Begin PBXBuildFile section */
		95D70D14282BA4A80053C7FC /* AppDelegate.swift in Sources */ = {isa = PBXBuildFile; fileRef = 95D70D13282BA4A80053C7FC /* AppDelegate.swift */; };
		95D70D16282BA4A80053C7FC /* SceneDelegate.swift in Sources */ = {isa = PBXBuildFile; fileRef = 95D70D15282BA4A80053C7FC /* SceneDelegate.swift */; };
		95D70D18282BA4A80053C7FC /* HomeViewController.swift in Sources */ = {isa = PBXBuildFile; fileRef = 95D70D17282BA4A80053C7FC /* HomeViewController.swift */; };
		95D70D1B282BA4A80053C7FC /* Main.storyboard in Resources */ = {isa = PBXBuildFile; fileRef = 95D70D19282BA4A80053C7FC /* Main.storyboard */; };
		95D70D1D282BA4A80053C7FC /* Assets.xcassets in Resources */ = {isa = PBXBuildFile; fileRef = 95D70D1C282BA4A80053C7FC /* Assets.xcassets */; };
		95D70D20282BA4A80053C7FC /* LaunchScreen.storyboard in Resources */ = {isa = PBXBuildFile; fileRef = 95D70D1E282BA4A80053C7FC /* LaunchScreen.storyboard */; };
		95D70D2A282BA5580053C7FC /* BeautifulGirls.swift in Sources */ = {isa = PBXBuildFile; fileRef = 95D70D29282BA5580053C7FC /* BeautifulGirls.swift */; };
		95D70D2C282BA59C0053C7FC /* DetailInformationViewController.swift in Sources */ = {isa = PBXBuildFile; fileRef = 95D70D2B282BA59C0053C7FC /* DetailInformationViewController.swift */; };
		95D70D2F282BA6580053C7FC /* GilrCell.swift in Sources */ = {isa = PBXBuildFile; fileRef = 95D70D2E282BA6580053C7FC /* GilrCell.swift */; };
/* End PBXBuildFile section */

/* Begin PBXFileReference section */
		95D70D10282BA4A80053C7FC /* DetailTableView.app */ = {isa = PBXFileReference; explicitFileType = wrapper.application; includeInIndex = 0; path = DetailTableView.app; sourceTree = BUILT_PRODUCTS_DIR; };
		95D70D13282BA4A80053C7FC /* AppDelegate.swift */ = {isa = PBXFileReference; lastKnownFileType = sourcecode.swift; path = AppDelegate.swift; sourceTree = "<group>"; };
		95D70D15282BA4A80053C7FC /* SceneDelegate.swift */ = {isa = PBXFileReference; lastKnownFileType = sourcecode.swift; path = SceneDelegate.swift; sourceTree = "<group>"; };
		95D70D17282BA4A80053C7FC /* HomeViewController.swift */ = {isa = PBXFileReference; lastKnownFileType = sourcecode.swift; path = HomeViewController.swift; sourceTree = "<group>"; };
		95D70D1A282BA4A80053C7FC /* Base */ = {isa = PBXFileReference; lastKnownFileType = file.storyboard; name = Base; path = Base.lproj/Main.storyboard; sourceTree = "<group>"; };
		95D70D1C282BA4A80053C7FC /* Assets.xcassets */ = {isa = PBXFileReference; lastKnownFileType = folder.assetcatalog; path = Assets.xcassets; sourceTree = "<group>"; };
		95D70D1F282BA4A80053C7FC /* Base */ = {isa = PBXFileReference; lastKnownFileType = file.storyboard; name = Base; path = Base.lproj/LaunchScreen.storyboard; sourceTree = "<group>"; };
		95D70D21282BA4A80053C7FC /* Info.plist */ = {isa = PBXFileReference; lastKnownFileType = text.plist.xml; path = Info.plist; sourceTree = "<group>"; };
		95D70D29282BA5580053C7FC /* BeautifulGirls.swift */ = {isa = PBXFileReference; lastKnownFileType = sourcecode.swift; path = BeautifulGirls.swift; sourceTree = "<group>"; };
		95D70D2B282BA59C0053C7FC /* DetailInformationViewController.swift */ = {isa = PBXFileReference; lastKnownFileType = sourcecode.swift; path = DetailInformationViewController.swift; sourceTree = "<group>"; };
		95D70D2E282BA6580053C7FC /* GilrCell.swift */ = {isa = PBXFileReference; lastKnownFileType = sourcecode.swift; path = GilrCell.swift; sourceTree = "<group>"; };
/* End PBXFileReference section */

/* Begin PBXFrameworksBuildPhase section */
		95D70D0D282BA4A80053C7FC /* Frameworks */ = {
			isa = PBXFrameworksBuildPhase;
			buildActionMask = 2147483647;
			files = (
			);
			runOnlyForDeploymentPostprocessing = 0;
		};
/* End PBXFrameworksBuildPhase section */

/* Begin PBXGroup section */
		95D70D07282BA4A80053C7FC = {
			isa = PBXGroup;
			children = (
				95D70D12282BA4A80053C7FC /* DetailTableView */,
				95D70D11282BA4A80053C7FC /* Products */,
			);
			sourceTree = "<group>";
		};
		95D70D11282BA4A80053C7FC /* Products */ = {
			isa = PBXGroup;
			children = (
				95D70D10282BA4A80053C7FC /* DetailTableView.app */,
			);
			name = Products;
			sourceTree = "<group>";
		};
		95D70D12282BA4A80053C7FC /* DetailTableView */ = {
			isa = PBXGroup;
			children = (
				95D70D2D282BA6390053C7FC /* Cells */,
				95D70D28282BA5350053C7FC /* ViewControllers */,
				95D70D27282BA52E0053C7FC /* Models */,
				95D70D13282BA4A80053C7FC /* AppDelegate.swift */,
				95D70D15282BA4A80053C7FC /* SceneDelegate.swift */,
				95D70D19282BA4A80053C7FC /* Main.storyboard */,
				95D70D1C282BA4A80053C7FC /* Assets.xcassets */,
				95D70D1E282BA4A80053C7FC /* LaunchScreen.storyboard */,
				95D70D21282BA4A80053C7FC /* Info.plist */,
			);
			path = DetailTableView;
			sourceTree = "<group>";
		};
		95D70D27282BA52E0053C7FC /* Models */ = {
			isa = PBXGroup;
			children = (
				95D70D29282BA5580053C7FC /* BeautifulGirls.swift */,
			);
			path = Models;
			sourceTree = "<group>";
		};
		95D70D28282BA5350053C7FC /* ViewControllers */ = {
			isa = PBXGroup;
			children = (
				95D70D17282BA4A80053C7FC /* HomeViewController.swift */,
				95D70D2B282BA59C0053C7FC /* DetailInformationViewController.swift */,
			);
			path = ViewControllers;
			sourceTree = "<group>";
		};
		95D70D2D282BA6390053C7FC /* Cells */ = {
			isa = PBXGroup;
			children = (
				95D70D2E282BA6580053C7FC /* GilrCell.swift */,
			);
			path = Cells;
			sourceTree = "<group>";
		};
/* End PBXGroup section */

/* Begin PBXNativeTarget section */
		95D70D0F282BA4A80053C7FC /* DetailTableView */ = {
			isa = PBXNativeTarget;
			buildConfigurationList = 95D70D24282BA4A80053C7FC /* Build configuration list for PBXNativeTarget "DetailTableView" */;
			buildPhases = (
				95D70D0C282BA4A80053C7FC /* Sources */,
				95D70D0D282BA4A80053C7FC /* Frameworks */,
				95D70D0E282BA4A80053C7FC /* Resources */,
			);
			buildRules = (
			);
			dependencies = (
			);
			name = DetailTableView;
			productName = DetailTableView;
			productReference = 95D70D10282BA4A80053C7FC /* DetailTableView.app */;
			productType = "com.apple.product-type.application";
		};
/* End PBXNativeTarget section */

/* Begin PBXProject section */
		95D70D08282BA4A80053C7FC /* Project object */ = {
			isa = PBXProject;
			attributes = {
				BuildIndependentTargetsInParallel = 1;
				LastSwiftUpdateCheck = 1330;
				LastUpgradeCheck = 1330;
				TargetAttributes = {
					95D70D0F282BA4A80053C7FC = {
						CreatedOnToolsVersion = 13.3.1;
					};
				};
			};
			buildConfigurationList = 95D70D0B282BA4A80053C7FC /* Build configuration list for PBXProject "DetailTableView" */;
			compatibilityVersion = "Xcode 13.0";
			developmentRegion = en;
			hasScannedForEncodings = 0;
			knownRegions = (
				en,
				Base,
			);
			mainGroup = 95D70D07282BA4A80053C7FC;
			productRefGroup = 95D70D11282BA4A80053C7FC /* Products */;
			projectDirPath = "";
			projectRoot = "";
			targets = (
				95D70D0F282BA4A80053C7FC /* DetailTableView */,
			);
		};
/* End PBXProject section */

/* Begin PBXResourcesBuildPhase section */
		95D70D0E282BA4A80053C7FC /* Resources */ = {
			isa = PBXResourcesBuildPhase;
			buildActionMask = 2147483647;
			files = (
				95D70D20282BA4A80053C7FC /* LaunchScreen.storyboard in Resources */,
				95D70D1D282BA4A80053C7FC /* Assets.xcassets in Resources */,
				95D70D1B282BA4A80053C7FC /* Main.storyboard in Resources */,
			);
			runOnlyForDeploymentPostprocessing = 0;
		};
/* End PBXResourcesBuildPhase section */

/* Begin PBXSourcesBuildPhase section */
		95D70D0C282BA4A80053C7FC /* Sources */ = {
			isa = PBXSourcesBuildPhase;
			buildActionMask = 2147483647;
			files = (
				95D70D18282BA4A80053C7FC /* HomeViewController.swift in Sources */,
				95D70D2F282BA6580053C7FC /* GilrCell.swift in Sources */,
				95D70D14282BA4A80053C7FC /* AppDelegate.swift in Sources */,
				95D70D16282BA4A80053C7FC /* SceneDelegate.swift in Sources */,
				95D70D2A282BA5580053C7FC /* BeautifulGirls.swift in Sources */,
				95D70D2C282BA59C0053C7FC /* DetailInformationViewController.swift in Sources */,
			);
			runOnlyForDeploymentPostprocessing = 0;
		};
/* End PBXSourcesBuildPhase section */

/* Begin PBXVariantGroup section */
		95D70D19282BA4A80053C7FC /* Main.storyboard */ = {
			isa = PBXVariantGroup;
			children = (
				95D70D1A282BA4A80053C7FC /* Base */,
			);
			name = Main.storyboard;
			sourceTree = "<group>";
		};
		95D70D1E282BA4A80053C7FC /* LaunchScreen.storyboard */ = {
			isa = PBXVariantGroup;
			children = (
				95D70D1F282BA4A80053C7FC /* Base */,
			);
			name = LaunchScreen.storyboard;
			sourceTree = "<group>";
		};
/* End PBXVariantGroup section */

/* Begin XCBuildConfiguration section */
		95D70D22282BA4A80053C7FC /* Debug */ = {
			isa = XCBuildConfiguration;
			buildSettings = {
				ALWAYS_SEARCH_USER_PATHS = NO;
				CLANG_ANALYZER_NONNULL = YES;
				CLANG_ANALYZER_NUMBER_OBJECT_CONVERSION = YES_AGGRESSIVE;
				CLANG_CXX_LANGUAGE_STANDARD = "gnu++17";
				CLANG_ENABLE_MODULES = YES;
				CLANG_ENABLE_OBJC_ARC = YES;
				CLANG_ENABLE_OBJC_WEAK = YES;
				CLANG_WARN_BLOCK_CAPTURE_AUTORELEASING = YES;
				CLANG_WARN_BOOL_CONVERSION = YES;
				CLANG_WARN_COMMA = YES;
				CLANG_WARN_CONSTANT_CONVERSION = YES;
				CLANG_WARN_DEPRECATED_OBJC_IMPLEMENTATIONS = YES;
				CLANG_WARN_DIRECT_OBJC_ISA_USAGE = YES_ERROR;
				CLANG_WARN_DOCUMENTATION_COMMENTS = YES;
				CLANG_WARN_EMPTY_BODY = YES;
				CLANG_WARN_ENUM_CONVERSION = YES;
				CLANG_WARN_INFINITE_RECURSION = YES;
				CLANG_WARN_INT_CONVERSION = YES;
				CLANG_WARN_NON_LITERAL_NULL_CONVERSION = YES;
				CLANG_WARN_OBJC_IMPLICIT_RETAIN_SELF = YES;
				CLANG_WARN_OBJC_LITERAL_CONVERSION = YES;
				CLANG_WARN_OBJC_ROOT_CLASS = YES_ERROR;
				CLANG_WARN_QUOTED_INCLUDE_IN_FRAMEWORK_HEADER = YES;
				CLANG_WARN_RANGE_LOOP_ANALYSIS = YES;
				CLANG_WARN_STRICT_PROTOTYPES = YES;
				CLANG_WARN_SUSPICIOUS_MOVE = YES;
				CLANG_WARN_UNGUARDED_AVAILABILITY = YES_AGGRESSIVE;
				CLANG_WARN_UNREACHABLE_CODE = YES;
				CLANG_WARN__DUPLICATE_METHOD_MATCH = YES;
				COPY_PHASE_STRIP = NO;
				DEBUG_INFORMATION_FORMAT = dwarf;
				ENABLE_STRICT_OBJC_MSGSEND = YES;
				ENABLE_TESTABILITY = YES;
				GCC_C_LANGUAGE_STANDARD = gnu11;
				GCC_DYNAMIC_NO_PIC = NO;
				GCC_NO_COMMON_BLOCKS = YES;
				GCC_OPTIMIZATION_LEVEL = 0;
				GCC_PREPROCESSOR_DEFINITIONS = (
					"DEBUG=1",
					"$(inherited)",
				);
				GCC_WARN_64_TO_32_BIT_CONVERSION = YES;
				GCC_WARN_ABOUT_RETURN_TYPE = YES_ERROR;
				GCC_WARN_UNDECLARED_SELECTOR = YES;
				GCC_WARN_UNINITIALIZED_AUTOS = YES_AGGRESSIVE;
				GCC_WARN_UNUSED_FUNCTION = YES;
				GCC_WARN_UNUSED_VARIABLE = YES;
				IPHONEOS_DEPLOYMENT_TARGET = 15.4;
				MTL_ENABLE_DEBUG_INFO = INCLUDE_SOURCE;
				MTL_FAST_MATH = YES;
				ONLY_ACTIVE_ARCH = YES;
				SDKROOT = iphoneos;
				SWIFT_ACTIVE_COMPILATION_CONDITIONS = DEBUG;
				SWIFT_OPTIMIZATION_LEVEL = "-Onone";
			};
			name = Debug;
		};
		95D70D23282BA4A80053C7FC /* Release */ = {
			isa = XCBuildConfiguration;
			buildSettings = {
				ALWAYS_SEARCH_USER_PATHS = NO;
				CLANG_ANALYZER_NONNULL = YES;
				CLANG_ANALYZER_NUMBER_OBJECT_CONVERSION = YES_AGGRESSIVE;
				CLANG_CXX_LANGUAGE_STANDARD = "gnu++17";
				CLANG_ENABLE_MODULES = YES;
				CLANG_ENABLE_OBJC_ARC = YES;
				CLANG_ENABLE_OBJC_WEAK = YES;
				CLANG_WARN_BLOCK_CAPTURE_AUTORELEASING = YES;
				CLANG_WARN_BOOL_CONVERSION = YES;
				CLANG_WARN_COMMA = YES;
				CLANG_WARN_CONSTANT_CONVERSION = YES;
				CLANG_WARN_DEPRECATED_OBJC_IMPLEMENTATIONS = YES;
				CLANG_WARN_DIRECT_OBJC_ISA_USAGE = YES_ERROR;
				CLANG_WARN_DOCUMENTATION_COMMENTS = YES;
				CLANG_WARN_EMPTY_BODY = YES;
				CLANG_WARN_ENUM_CONVERSION = YES;
				CLANG_WARN_INFINITE_RECURSION = YES;
				CLANG_WARN_INT_CONVERSION = YES;
				CLANG_WARN_NON_LITERAL_NULL_CONVERSION = YES;
				CLANG_WARN_OBJC_IMPLICIT_RETAIN_SELF = YES;
				CLANG_WARN_OBJC_LITERAL_CONVERSION = YES;
				CLANG_WARN_OBJC_ROOT_CLASS = YES_ERROR;
				CLANG_WARN_QUOTED_INCLUDE_IN_FRAMEWORK_HEADER = YES;
				CLANG_WARN_RANGE_LOOP_ANALYSIS = YES;
				CLANG_WARN_STRICT_PROTOTYPES = YES;
				CLANG_WARN_SUSPICIOUS_MOVE = YES;
				CLANG_WARN_UNGUARDED_AVAILABILITY = YES_AGGRESSIVE;
				CLANG_WARN_UNREACHABLE_CODE = YES;
				CLANG_WARN__DUPLICATE_METHOD_MATCH = YES;
				COPY_PHASE_STRIP = NO;
				DEBUG_INFORMATION_FORMAT = "dwarf-with-dsym";
				ENABLE_NS_ASSERTIONS = NO;
				ENABLE_STRICT_OBJC_MSGSEND = YES;
				GCC_C_LANGUAGE_STANDARD = gnu11;
				GCC_NO_COMMON_BLOCKS = YES;
				GCC_WARN_64_TO_32_BIT_CONVERSION = YES;
				GCC_WARN_ABOUT_RETURN_TYPE = YES_ERROR;
				GCC_WARN_UNDECLARED_SELECTOR = YES;
				GCC_WARN_UNINITIALIZED_AUTOS = YES_AGGRESSIVE;
				GCC_WARN_UNUSED_FUNCTION = YES;
				GCC_WARN_UNUSED_VARIABLE = YES;
				IPHONEOS_DEPLOYMENT_TARGET = 15.4;
				MTL_ENABLE_DEBUG_INFO = NO;
				MTL_FAST_MATH = YES;
				SDKROOT = iphoneos;
				SWIFT_COMPILATION_MODE = wholemodule;
				SWIFT_OPTIMIZATION_LEVEL = "-O";
				VALIDATE_PRODUCT = YES;
			};
			name = Release;
		};
		95D70D25282BA4A80053C7FC /* Debug */ = {
			isa = XCBuildConfiguration;
			buildSettings = {
				ASSETCATALOG_COMPILER_APPICON_NAME = AppIcon;
				ASSETCATALOG_COMPILER_GLOBAL_ACCENT_COLOR_NAME = AccentColor;
				CODE_SIGN_IDENTITY = "Apple Development";
				CODE_SIGN_STYLE = Automatic;
				CURRENT_PROJECT_VERSION = 1;
				DEVELOPMENT_TEAM = 6F3MN63J7L;
				GENERATE_INFOPLIST_FILE = YES;
				INFOPLIST_FILE = DetailTableView/Info.plist;
				INFOPLIST_KEY_UIApplicationSupportsIndirectInputEvents = YES;
				INFOPLIST_KEY_UILaunchStoryboardName = LaunchScreen;
				INFOPLIST_KEY_UIMainStoryboardFile = Main;
				INFOPLIST_KEY_UISupportedInterfaceOrientations_iPad = "UIInterfaceOrientationPortrait UIInterfaceOrientationPortraitUpsideDown UIInterfaceOrientationLandscapeLeft UIInterfaceOrientationLandscapeRight";
				INFOPLIST_KEY_UISupportedInterfaceOrientations_iPhone = "UIInterfaceOrientationPortrait UIInterfaceOrientationLandscapeLeft UIInterfaceOrientationLandscapeRight";
				LD_RUNPATH_SEARCH_PATHS = (
					"$(inherited)",
					"@executable_path/Frameworks",
				);
				MARKETING_VERSION = 1.0;
				PRODUCT_BUNDLE_IDENTIFIER = hitachivantara.DetailTableView;
				PRODUCT_NAME = "$(TARGET_NAME)";
				PROVISIONING_PROFILE_SPECIFIER = "";
				SWIFT_EMIT_LOC_STRINGS = YES;
				SWIFT_VERSION = 5.0;
				TARGETED_DEVICE_FAMILY = "1,2";
			};
			name = Debug;
		};
		95D70D26282BA4A80053C7FC /* Release */ = {
			isa = XCBuildConfiguration;
			buildSettings = {
				ASSETCATALOG_COMPILER_APPICON_NAME = AppIcon;
				ASSETCATALOG_COMPILER_GLOBAL_ACCENT_COLOR_NAME = AccentColor;
				CODE_SIGN_IDENTITY = "Apple Development";
				CODE_SIGN_STYLE = Automatic;
				CURRENT_PROJECT_VERSION = 1;
				DEVELOPMENT_TEAM = 6F3MN63J7L;
				GENERATE_INFOPLIST_FILE = YES;
				INFOPLIST_FILE = DetailTableView/Info.plist;
				INFOPLIST_KEY_UIApplicationSupportsIndirectInputEvents = YES;
				INFOPLIST_KEY_UILaunchStoryboardName = LaunchScreen;
				INFOPLIST_KEY_UIMainStoryboardFile = Main;
				INFOPLIST_KEY_UISupportedInterfaceOrientations_iPad = "UIInterfaceOrientationPortrait UIInterfaceOrientationPortraitUpsideDown UIInterfaceOrientationLandscapeLeft UIInterfaceOrientationLandscapeRight";
				INFOPLIST_KEY_UISupportedInterfaceOrientations_iPhone = "UIInterfaceOrientationPortrait UIInterfaceOrientationLandscapeLeft UIInterfaceOrientationLandscapeRight";
				LD_RUNPATH_SEARCH_PATHS = (
					"$(inherited)",
					"@executable_path/Frameworks",
				);
				MARKETING_VERSION = 1.0;
				PRODUCT_BUNDLE_IDENTIFIER = hitachivantara.DetailTableView;
				PRODUCT_NAME = "$(TARGET_NAME)";
				PROVISIONING_PROFILE_SPECIFIER = "";
				SWIFT_EMIT_LOC_STRINGS = YES;
				SWIFT_VERSION = 5.0;
				TARGETED_DEVICE_FAMILY = "1,2";
			};
			name = Release;
		};
/* End XCBuildConfiguration section */

/* Begin XCConfigurationList section */
		95D70D0B282BA4A80053C7FC /* Build configuration list for PBXProject "DetailTableView" */ = {
			isa = XCConfigurationList;
			buildConfigurations = (
				95D70D22282BA4A80053C7FC /* Debug */,
				95D70D23282BA4A80053C7FC /* Release */,
			);
			defaultConfigurationIsVisible = 0;
			defaultConfigurationName = Release;
		};
		95D70D24282BA4A80053C7FC /* Build configuration list for PBXNativeTarget "DetailTableView" */ = {
			isa = XCConfigurationList;
			buildConfigurations = (
				95D70D25282BA4A80053C7FC /* Debug */,
				95D70D26282BA4A80053C7FC /* Release */,
			);
			defaultConfigurationIsVisible = 0;
			defaultConfigurationName = Release;
		};
/* End XCConfigurationList section */
	};
	rootObject = 95D70D08282BA4A80053C7FC /* Project object */;
}
